
Microsoft Visual Studio Solution File, Format Version 11.00
# Visual Studio 2010
Project("{FAE04EC0-301F-11D3-BF4B-00C04F79EFBC}") = "Assembly-CSharp", "Assembly-CSharp.csproj", "{75a87880-c981-de55-f9e3-0a5cc3ecab81}"
EndProject
Project("{FAE04EC0-301F-11D3-BF4B-00C04F79EFBC}") = "Assembly-CSharp-firstpass", "Assembly-CSharp-firstpass.csproj", "{5ecfaec2-39f3-bb88-e100-0b5a75ca5eb8}"
EndProject
Global
	GlobalSection(SolutionConfigurationPlatforms) = preSolution
		Debug|Any CPU = Debug|Any CPU
	EndGlobalSection
	GlobalSection(ProjectConfigurationPlatforms) = postSolution
		{75a87880-c981-de55-f9e3-0a5cc3ecab81}.Debug|Any CPU.ActiveCfg = Debug|Any CPU
		{75a87880-c981-de55-f9e3-0a5cc3ecab81}.Debug|Any CPU.Build.0 = Debug|Any CPU
		{5ecfaec2-39f3-bb88-e100-0b5a75ca5eb8}.Debug|Any CPU.ActiveCfg = Debug|Any CPU
		{5ecfaec2-39f3-bb88-e100-0b5a75ca5eb8}.Debug|Any CPU.Build.0 = Debug|Any CPU
	EndGlobalSection
	GlobalSection(SolutionProperties) = preSolution
		HideSolutionNode = FALSE
	EndGlobalSection
EndGlobal
